
Microsoft Visual Studio Solution File, Format Version 12.00
# Visual Studio 14
VisualStudioVersion = 14.0.24720.0
MinimumVisualStudioVersion = 10.0.40219.1
Project("{2150E333-8FDC-42A3-9474-1A3956D46DE8}") = "src", "src", "{D6321727-562F-4C41-A667-AE1E43CE94F8}"
EndProject
Project("{2150E333-8FDC-42A3-9474-1A3956D46DE8}") = "Solution Items", "Solution Items", "{BF275D3A-DF73-428D-ACDE-47060B08BAEB}"
	ProjectSection(SolutionItems) = preProject
		global.json = global.json
	EndProjectSection
EndProject
Project("{8BB2217D-0F2D-49D1-97BC-3654ED321F3B}") = "TodoApp", "src\TestTwo\TodoApp.xproj", "{ADEFCE9A-290E-406A-A211-FF2BF9BFB15B}"
EndProject
Global
	GlobalSection(SolutionConfigurationPlatforms) = preSolution
		Debug|Any CPU = Debug|Any CPU
		Release|Any CPU = Release|Any CPU
	EndGlobalSection
	GlobalSection(ProjectConfigurationPlatforms) = postSolution
		{ADEFCE9A-290E-406A-A211-FF2BF9BFB15B}.Debug|Any CPU.ActiveCfg = Debug|Any CPU
		{ADEFCE9A-290E-406A-A211-FF2BF9BFB15B}.Debug|Any CPU.Build.0 = Debug|Any CPU
		{ADEFCE9A-290E-406A-A211-FF2BF9BFB15B}.Release|Any CPU.ActiveCfg = Release|Any CPU
		{ADEFCE9A-290E-406A-A211-FF2BF9BFB15B}.Release|Any CPU.Build.0 = Release|Any CPU
	EndGlobalSection
	GlobalSection(SolutionProperties) = preSolution
		HideSolutionNode = FALSE
	EndGlobalSection
	GlobalSection(NestedProjects) = preSolution
		{ADEFCE9A-290E-406A-A211-FF2BF9BFB15B} = {D6321727-562F-4C41-A667-AE1E43CE94F8}
	EndGlobalSection
EndGlobal
